
Microsoft Visual Studio Solution File, Format Version 12.00
# Visual Studio Version 16
VisualStudioVersion = 16.0.29709.97
MinimumVisualStudioVersion = 10.0.40219.1
Project("{9A19103F-16F7-4668-BE54-9A1E7A4F7556}") = "TruCompiler", "TruCompiler\TruCompiler.csproj", "{5A6155DC-2549-4F19-8F35-B0CA9656C466}"
EndProject
Project("{9A19103F-16F7-4668-BE54-9A1E7A4F7556}") = "TruCompilerTests", "TruCompilerTests\TruCompilerTests.csproj", "{1A9F8C4B-2F89-43AA-8918-88D776530C2F}"
EndProject
Project("{2150E333-8FDC-42A3-9474-1A3956D46DE8}") = "Solution Items", "Solution Items", "{CBF29D97-BDF2-4A72-AB2A-D1A14FE01116}"
	ProjectSection(SolutionItems) = preProject
		.editorconfig = .editorconfig
	EndProjectSection
EndProject
Global
	GlobalSection(SolutionConfigurationPlatforms) = preSolution
		Debug|Any CPU = Debug|Any CPU
		Release|Any CPU = Release|Any CPU
	EndGlobalSection
	GlobalSection(ProjectConfigurationPlatforms) = postSolution
		{5A6155DC-2549-4F19-8F35-B0CA9656C466}.Debug|Any CPU.ActiveCfg = Debug|Any CPU
		{5A6155DC-2549-4F19-8F35-B0CA9656C466}.Debug|Any CPU.Build.0 = Debug|Any CPU
		{5A6155DC-2549-4F19-8F35-B0CA9656C466}.Release|Any CPU.ActiveCfg = Release|Any CPU
		{5A6155DC-2549-4F19-8F35-B0CA9656C466}.Release|Any CPU.Build.0 = Release|Any CPU
		{1A9F8C4B-2F89-43AA-8918-88D776530C2F}.Debug|Any CPU.ActiveCfg = Debug|Any CPU
		{1A9F8C4B-2F89-43AA-8918-88D776530C2F}.Debug|Any CPU.Build.0 = Debug|Any CPU
		{1A9F8C4B-2F89-43AA-8918-88D776530C2F}.Release|Any CPU.ActiveCfg = Release|Any CPU
		{1A9F8C4B-2F89-43AA-8918-88D776530C2F}.Release|Any CPU.Build.0 = Release|Any CPU
	EndGlobalSection
	GlobalSection(SolutionProperties) = preSolution
		HideSolutionNode = FALSE
	EndGlobalSection
	GlobalSection(ExtensibilityGlobals) = postSolution
		SolutionGuid = {FA8E0DF3-327A-40FA-90D2-8BCAD1792841}
	EndGlobalSection
EndGlobal
